
Microsoft Visual Studio Solution File, Format Version 12.00
# Visual Studio Version 16
VisualStudioVersion = 16.0.31105.61
MinimumVisualStudioVersion = 10.0.40219.1
Project("{FAE04EC0-301F-11D3-BF4B-00C04F79EFBC}") = "ReactWithAsp", "ReactWithAsp\ReactWithAsp.csproj", "{B762C005-8E55-41B3-B018-452AE943A97B}"
EndProject
Global
	GlobalSection(SolutionConfigurationPlatforms) = preSolution
		Debug|Any CPU = Debug|Any CPU
		Release|Any CPU = Release|Any CPU
	EndGlobalSection
	GlobalSection(ProjectConfigurationPlatforms) = postSolution
		{B762C005-8E55-41B3-B018-452AE943A97B}.Debug|Any CPU.ActiveCfg = Debug|Any CPU
		{B762C005-8E55-41B3-B018-452AE943A97B}.Debug|Any CPU.Build.0 = Debug|Any CPU
		{B762C005-8E55-41B3-B018-452AE943A97B}.Release|Any CPU.ActiveCfg = Release|Any CPU
		{B762C005-8E55-41B3-B018-452AE943A97B}.Release|Any CPU.Build.0 = Release|Any CPU
	EndGlobalSection
	GlobalSection(SolutionProperties) = preSolution
		HideSolutionNode = FALSE
	EndGlobalSection
	GlobalSection(ExtensibilityGlobals) = postSolution
		SolutionGuid = {7954A988-E79A-45D8-B1D3-4914D0D42319}
	EndGlobalSection
EndGlobal
